
Microsoft Visual Studio Solution File, Format Version 12.00
# Visual Studio Version 17
VisualStudioVersion = 17.0.31903.59
MinimumVisualStudioVersion = 10.0.40219.1
Project("{FAE04EC0-301F-11D3-BF4B-00C04F79EFBC}") = "ScuffedWebstore.Core", "ScuffedWebstore.Core\ScuffedWebstore.Core.csproj", "{4908F737-5D99-41B9-8A05-D156A8F76E61}"
EndProject
Project("{FAE04EC0-301F-11D3-BF4B-00C04F79EFBC}") = "ScuffedWebstore.Service", "ScuffedWebstore.Service\ScuffedWebstore.Service.csproj", "{C660C2B1-0248-4551-A8DD-69ECDA548C24}"
EndProject
Project("{FAE04EC0-301F-11D3-BF4B-00C04F79EFBC}") = "ScuffedWebstore.Controller", "ScuffedWebstore.Controller\ScuffedWebstore.Controller.csproj", "{860643B3-30A2-43E7-874B-929B1302965A}"
EndProject
Project("{FAE04EC0-301F-11D3-BF4B-00C04F79EFBC}") = "ScuffedWebstore.Framework", "ScuffedWebstore.Framework\ScuffedWebstore.Framework.csproj", "{08D0A381-1077-4D11-ADF3-4AA2F004CBA8}"
EndProject
Project("{FAE04EC0-301F-11D3-BF4B-00C04F79EFBC}") = "ScuffedWebstore.Test", "ScuffedWebstore.Test\ScuffedWebstore.Test.csproj", "{8E595362-A1D5-43CD-92E1-B0FD14C1815E}"
EndProject
Global
	GlobalSection(SolutionConfigurationPlatforms) = preSolution
		Debug|Any CPU = Debug|Any CPU
		Release|Any CPU = Release|Any CPU
	EndGlobalSection
	GlobalSection(SolutionProperties) = preSolution
		HideSolutionNode = FALSE
	EndGlobalSection
	GlobalSection(ProjectConfigurationPlatforms) = postSolution
		{4908F737-5D99-41B9-8A05-D156A8F76E61}.Debug|Any CPU.ActiveCfg = Debug|Any CPU
		{4908F737-5D99-41B9-8A05-D156A8F76E61}.Debug|Any CPU.Build.0 = Debug|Any CPU
		{4908F737-5D99-41B9-8A05-D156A8F76E61}.Release|Any CPU.ActiveCfg = Release|Any CPU
		{4908F737-5D99-41B9-8A05-D156A8F76E61}.Release|Any CPU.Build.0 = Release|Any CPU
		{C660C2B1-0248-4551-A8DD-69ECDA548C24}.Debug|Any CPU.ActiveCfg = Debug|Any CPU
		{C660C2B1-0248-4551-A8DD-69ECDA548C24}.Debug|Any CPU.Build.0 = Debug|Any CPU
		{C660C2B1-0248-4551-A8DD-69ECDA548C24}.Release|Any CPU.ActiveCfg = Release|Any CPU
		{C660C2B1-0248-4551-A8DD-69ECDA548C24}.Release|Any CPU.Build.0 = Release|Any CPU
		{860643B3-30A2-43E7-874B-929B1302965A}.Debug|Any CPU.ActiveCfg = Debug|Any CPU
		{860643B3-30A2-43E7-874B-929B1302965A}.Debug|Any CPU.Build.0 = Debug|Any CPU
		{860643B3-30A2-43E7-874B-929B1302965A}.Release|Any CPU.ActiveCfg = Release|Any CPU
		{860643B3-30A2-43E7-874B-929B1302965A}.Release|Any CPU.Build.0 = Release|Any CPU
		{08D0A381-1077-4D11-ADF3-4AA2F004CBA8}.Debug|Any CPU.ActiveCfg = Debug|Any CPU
		{08D0A381-1077-4D11-ADF3-4AA2F004CBA8}.Debug|Any CPU.Build.0 = Debug|Any CPU
		{08D0A381-1077-4D11-ADF3-4AA2F004CBA8}.Release|Any CPU.ActiveCfg = Release|Any CPU
		{08D0A381-1077-4D11-ADF3-4AA2F004CBA8}.Release|Any CPU.Build.0 = Release|Any CPU
		{8E595362-A1D5-43CD-92E1-B0FD14C1815E}.Debug|Any CPU.ActiveCfg = Debug|Any CPU
		{8E595362-A1D5-43CD-92E1-B0FD14C1815E}.Debug|Any CPU.Build.0 = Debug|Any CPU
		{8E595362-A1D5-43CD-92E1-B0FD14C1815E}.Release|Any CPU.ActiveCfg = Release|Any CPU
		{8E595362-A1D5-43CD-92E1-B0FD14C1815E}.Release|Any CPU.Build.0 = Release|Any CPU
	EndGlobalSection
EndGlobal
